
Microsoft Visual Studio Solution File, Format Version 12.00
Project("{FAE04EC0-301F-11D3-BF4B-00C04F79EFBC}") = "ExampleWebApplication.PL", "ExampleWebApplication.PL\ExampleWebApplication.PL.csproj", "{574759EA-E610-4270-8B0C-8FCF9D58E96A}"
EndProject
Project("{FAE04EC0-301F-11D3-BF4B-00C04F79EFBC}") = "ExampleWebApplication.BLL", "ExampleWebApplication.BLL\ExampleWebApplication.BLL.csproj", "{12CAFFBC-EEE8-477D-A20F-EDBC50709CAB}"
EndProject
Project("{FAE04EC0-301F-11D3-BF4B-00C04F79EFBC}") = "ExampleWebApplication.DAL", "ExampleWebApplication.DAL\ExampleWebApplication.DAL.csproj", "{B2854A4A-4838-4653-B301-53492484FA82}"
EndProject
Global
	GlobalSection(SolutionConfigurationPlatforms) = preSolution
		Debug|Any CPU = Debug|Any CPU
		Release|Any CPU = Release|Any CPU
	EndGlobalSection
	GlobalSection(ProjectConfigurationPlatforms) = postSolution
		{574759EA-E610-4270-8B0C-8FCF9D58E96A}.Debug|Any CPU.ActiveCfg = Debug|Any CPU
		{574759EA-E610-4270-8B0C-8FCF9D58E96A}.Debug|Any CPU.Build.0 = Debug|Any CPU
		{574759EA-E610-4270-8B0C-8FCF9D58E96A}.Release|Any CPU.ActiveCfg = Release|Any CPU
		{574759EA-E610-4270-8B0C-8FCF9D58E96A}.Release|Any CPU.Build.0 = Release|Any CPU
		{12CAFFBC-EEE8-477D-A20F-EDBC50709CAB}.Debug|Any CPU.ActiveCfg = Debug|Any CPU
		{12CAFFBC-EEE8-477D-A20F-EDBC50709CAB}.Debug|Any CPU.Build.0 = Debug|Any CPU
		{12CAFFBC-EEE8-477D-A20F-EDBC50709CAB}.Release|Any CPU.ActiveCfg = Release|Any CPU
		{12CAFFBC-EEE8-477D-A20F-EDBC50709CAB}.Release|Any CPU.Build.0 = Release|Any CPU
		{B2854A4A-4838-4653-B301-53492484FA82}.Debug|Any CPU.ActiveCfg = Debug|Any CPU
		{B2854A4A-4838-4653-B301-53492484FA82}.Debug|Any CPU.Build.0 = Debug|Any CPU
		{B2854A4A-4838-4653-B301-53492484FA82}.Release|Any CPU.ActiveCfg = Release|Any CPU
		{B2854A4A-4838-4653-B301-53492484FA82}.Release|Any CPU.Build.0 = Release|Any CPU
	EndGlobalSection
EndGlobal
